
Microsoft Visual Studio Solution File, Format Version 12.00
# Visual Studio Version 17
VisualStudioVersion = 17.9.34607.119
MinimumVisualStudioVersion = 10.0.40219.1
Project("{9A19103F-16F7-4668-BE54-9A1E7A4F7556}") = "CMMS.Business", "CMMS.Business\CMMS.Business.csproj", "{BC54E943-7C43-4707-9598-349544EC762F}"
EndProject
Project("{9A19103F-16F7-4668-BE54-9A1E7A4F7556}") = "CMMS.DataAccess", "CMMS.DataAccess\CMMS.DataAccess.csproj", "{83841245-6452-4DC6-9E72-5644045CE472}"
EndProject
Project("{9A19103F-16F7-4668-BE54-9A1E7A4F7556}") = "CMMS.Domain", "CMMS.Domain\CMMS.Domain.csproj", "{146952AB-E317-48DF-90E9-0B4D37FEBAF8}"
EndProject
Project("{9A19103F-16F7-4668-BE54-9A1E7A4F7556}") = "CMMS.Services", "CMMS.Services\CMMS.Services.csproj", "{12B8E701-3675-46C8-B457-75539B7402A3}"
EndProject
Project("{9A19103F-16F7-4668-BE54-9A1E7A4F7556}") = "CMMS.API", "CMMS.API\CMMS.API.csproj", "{C22F70B5-9CD0-4A00-B706-2FE4247B6850}"
EndProject
Project("{9A19103F-16F7-4668-BE54-9A1E7A4F7556}") = "CMMS.Web", "CMMS.Web\CMMS.Web.csproj", "{9D810204-BD17-45E8-979A-DB9A4BA9FDBF}"
EndProject
Project("{FAE04EC0-301F-11D3-BF4B-00C04F79EFBC}") = "CMMS.WebDashBoard", "CMMS.WebDashBoard\CMMS.WebDashBoard.csproj", "{7883BCFE-269B-4609-9371-B95E4EF03E24}"
EndProject
Global
	GlobalSection(SolutionConfigurationPlatforms) = preSolution
		Debug|Any CPU = Debug|Any CPU
		Release|Any CPU = Release|Any CPU
	EndGlobalSection
	GlobalSection(ProjectConfigurationPlatforms) = postSolution
		{BC54E943-7C43-4707-9598-349544EC762F}.Debug|Any CPU.ActiveCfg = Debug|Any CPU
		{BC54E943-7C43-4707-9598-349544EC762F}.Debug|Any CPU.Build.0 = Debug|Any CPU
		{BC54E943-7C43-4707-9598-349544EC762F}.Release|Any CPU.ActiveCfg = Release|Any CPU
		{BC54E943-7C43-4707-9598-349544EC762F}.Release|Any CPU.Build.0 = Release|Any CPU
		{83841245-6452-4DC6-9E72-5644045CE472}.Debug|Any CPU.ActiveCfg = Debug|Any CPU
		{83841245-6452-4DC6-9E72-5644045CE472}.Debug|Any CPU.Build.0 = Debug|Any CPU
		{83841245-6452-4DC6-9E72-5644045CE472}.Release|Any CPU.ActiveCfg = Release|Any CPU
		{83841245-6452-4DC6-9E72-5644045CE472}.Release|Any CPU.Build.0 = Release|Any CPU
		{146952AB-E317-48DF-90E9-0B4D37FEBAF8}.Debug|Any CPU.ActiveCfg = Debug|Any CPU
		{146952AB-E317-48DF-90E9-0B4D37FEBAF8}.Debug|Any CPU.Build.0 = Debug|Any CPU
		{146952AB-E317-48DF-90E9-0B4D37FEBAF8}.Release|Any CPU.ActiveCfg = Release|Any CPU
		{146952AB-E317-48DF-90E9-0B4D37FEBAF8}.Release|Any CPU.Build.0 = Release|Any CPU
		{12B8E701-3675-46C8-B457-75539B7402A3}.Debug|Any CPU.ActiveCfg = Debug|Any CPU
		{12B8E701-3675-46C8-B457-75539B7402A3}.Debug|Any CPU.Build.0 = Debug|Any CPU
		{12B8E701-3675-46C8-B457-75539B7402A3}.Release|Any CPU.ActiveCfg = Release|Any CPU
		{12B8E701-3675-46C8-B457-75539B7402A3}.Release|Any CPU.Build.0 = Release|Any CPU
		{C22F70B5-9CD0-4A00-B706-2FE4247B6850}.Debug|Any CPU.ActiveCfg = Debug|Any CPU
		{C22F70B5-9CD0-4A00-B706-2FE4247B6850}.Debug|Any CPU.Build.0 = Debug|Any CPU
		{C22F70B5-9CD0-4A00-B706-2FE4247B6850}.Release|Any CPU.ActiveCfg = Release|Any CPU
		{C22F70B5-9CD0-4A00-B706-2FE4247B6850}.Release|Any CPU.Build.0 = Release|Any CPU
		{9D810204-BD17-45E8-979A-DB9A4BA9FDBF}.Debug|Any CPU.ActiveCfg = Debug|Any CPU
		{9D810204-BD17-45E8-979A-DB9A4BA9FDBF}.Debug|Any CPU.Build.0 = Debug|Any CPU
		{9D810204-BD17-45E8-979A-DB9A4BA9FDBF}.Release|Any CPU.ActiveCfg = Release|Any CPU
		{9D810204-BD17-45E8-979A-DB9A4BA9FDBF}.Release|Any CPU.Build.0 = Release|Any CPU
		{7883BCFE-269B-4609-9371-B95E4EF03E24}.Debug|Any CPU.ActiveCfg = Debug|Any CPU
		{7883BCFE-269B-4609-9371-B95E4EF03E24}.Debug|Any CPU.Build.0 = Debug|Any CPU
		{7883BCFE-269B-4609-9371-B95E4EF03E24}.Release|Any CPU.ActiveCfg = Release|Any CPU
		{7883BCFE-269B-4609-9371-B95E4EF03E24}.Release|Any CPU.Build.0 = Release|Any CPU
	EndGlobalSection
	GlobalSection(SolutionProperties) = preSolution
		HideSolutionNode = FALSE
	EndGlobalSection
	GlobalSection(ExtensibilityGlobals) = postSolution
		SolutionGuid = {5CFBFA2E-5C17-468E-BA2C-7075385DC789}
	EndGlobalSection
EndGlobal
